// !$*UTF8*$!
{
	archiveVersion = 1;
	classes = {
	};
	objectVersion = 50;
	objects = {

/* Begin PBXBuildFile section */
		9260E74426E4059400BB9456 /* LandmarksDetail.swift in Sources */ = {isa = PBXBuildFile; fileRef = 9260E74326E4059400BB9456 /* LandmarksDetail.swift */; };
		9260E75226E415B700BB9456 /* LandmarkDetailDTO.swift in Sources */ = {isa = PBXBuildFile; fileRef = 9260E75126E415B700BB9456 /* LandmarkDetailDTO.swift */; };
		9260E75B26E4164F00BB9456 /* MapDTO.swift in Sources */ = {isa = PBXBuildFile; fileRef = 9260E75A26E4164F00BB9456 /* MapDTO.swift */; };
		92AB349D26DF7C9C0063A972 /* landmarkData.json in Resources */ = {isa = PBXBuildFile; fileRef = 92AB349C26DF7C9C0063A972 /* landmarkData.json */; };
		92AB34AC26DF7CD90063A972 /* Landmark.swift in Sources */ = {isa = PBXBuildFile; fileRef = 92AB34AB26DF7CD90063A972 /* Landmark.swift */; };
		92AB34B426DF807F0063A972 /* LandmarkListViewModel.swift in Sources */ = {isa = PBXBuildFile; fileRef = 92AB34B326DF807F0063A972 /* LandmarkListViewModel.swift */; };
		92AB34B926DF80F00063A972 /* BundleHelper.swift in Sources */ = {isa = PBXBuildFile; fileRef = 92AB34B826DF80F00063A972 /* BundleHelper.swift */; };
		92AB34CA26DF86FE0063A972 /* LandmarkRowView.swift in Sources */ = {isa = PBXBuildFile; fileRef = 92AB34C926DF86FE0063A972 /* LandmarkRowView.swift */; };
		92AB34CF26DF90CA0063A972 /* LandmarkListView.swift in Sources */ = {isa = PBXBuildFile; fileRef = 92AB34CE26DF90CA0063A972 /* LandmarkListView.swift */; };
		92FABE6F26DEC91700571620 /* LandmarksApp.swift in Sources */ = {isa = PBXBuildFile; fileRef = 92FABE6E26DEC91700571620 /* LandmarksApp.swift */; };
		92FABE7126DEC91700571620 /* ContentView.swift in Sources */ = {isa = PBXBuildFile; fileRef = 92FABE7026DEC91700571620 /* ContentView.swift */; };
		92FABE7326DEC91900571620 /* Assets.xcassets in Resources */ = {isa = PBXBuildFile; fileRef = 92FABE7226DEC91900571620 /* Assets.xcassets */; };
		92FABE7626DEC91900571620 /* Preview Assets.xcassets in Resources */ = {isa = PBXBuildFile; fileRef = 92FABE7526DEC91900571620 /* Preview Assets.xcassets */; };
		92FABE8126DEC91900571620 /* LandmarksTests.swift in Sources */ = {isa = PBXBuildFile; fileRef = 92FABE8026DEC91900571620 /* LandmarksTests.swift */; };
		92FABE8C26DEC91900571620 /* LandmarksUITests.swift in Sources */ = {isa = PBXBuildFile; fileRef = 92FABE8B26DEC91900571620 /* LandmarksUITests.swift */; };
		92FABE9D26DECF4900571620 /* CircleImageView.swift in Sources */ = {isa = PBXBuildFile; fileRef = 92FABE9C26DECF4900571620 /* CircleImageView.swift */; };
		92FABEA226DED32100571620 /* MapView.swift in Sources */ = {isa = PBXBuildFile; fileRef = 92FABEA126DED32100571620 /* MapView.swift */; };
/* End PBXBuildFile section */

/* Begin PBXContainerItemProxy section */
		92FABE7D26DEC91900571620 /* PBXContainerItemProxy */ = {
			isa = PBXContainerItemProxy;
			containerPortal = 92FABE6326DEC91700571620 /* Project object */;
			proxyType = 1;
			remoteGlobalIDString = 92FABE6A26DEC91700571620;
			remoteInfo = Landmarks;
		};
		92FABE8826DEC91900571620 /* PBXContainerItemProxy */ = {
			isa = PBXContainerItemProxy;
			containerPortal = 92FABE6326DEC91700571620 /* Project object */;
			proxyType = 1;
			remoteGlobalIDString = 92FABE6A26DEC91700571620;
			remoteInfo = Landmarks;
		};
/* End PBXContainerItemProxy section */

/* Begin PBXFileReference section */
		9260E74326E4059400BB9456 /* LandmarksDetail.swift */ = {isa = PBXFileReference; lastKnownFileType = sourcecode.swift; path = LandmarksDetail.swift; sourceTree = "<group>"; };
		9260E75126E415B700BB9456 /* LandmarkDetailDTO.swift */ = {isa = PBXFileReference; lastKnownFileType = sourcecode.swift; path = LandmarkDetailDTO.swift; sourceTree = "<group>"; };
		9260E75A26E4164F00BB9456 /* MapDTO.swift */ = {isa = PBXFileReference; lastKnownFileType = sourcecode.swift; path = MapDTO.swift; sourceTree = "<group>"; };
		92AB349C26DF7C9C0063A972 /* landmarkData.json */ = {isa = PBXFileReference; fileEncoding = 4; lastKnownFileType = text.json; path = landmarkData.json; sourceTree = "<group>"; };
		92AB34AB26DF7CD90063A972 /* Landmark.swift */ = {isa = PBXFileReference; lastKnownFileType = sourcecode.swift; path = Landmark.swift; sourceTree = "<group>"; };
		92AB34B326DF807F0063A972 /* LandmarkListViewModel.swift */ = {isa = PBXFileReference; lastKnownFileType = sourcecode.swift; path = LandmarkListViewModel.swift; sourceTree = "<group>"; };
		92AB34B826DF80F00063A972 /* BundleHelper.swift */ = {isa = PBXFileReference; lastKnownFileType = sourcecode.swift; path = BundleHelper.swift; sourceTree = "<group>"; };
		92AB34C926DF86FE0063A972 /* LandmarkRowView.swift */ = {isa = PBXFileReference; lastKnownFileType = sourcecode.swift; path = LandmarkRowView.swift; sourceTree = "<group>"; };
		92AB34CE26DF90CA0063A972 /* LandmarkListView.swift */ = {isa = PBXFileReference; lastKnownFileType = sourcecode.swift; path = LandmarkListView.swift; sourceTree = "<group>"; };
		92FABE6B26DEC91700571620 /* Landmarks.app */ = {isa = PBXFileReference; explicitFileType = wrapper.application; includeInIndex = 0; path = Landmarks.app; sourceTree = BUILT_PRODUCTS_DIR; };
		92FABE6E26DEC91700571620 /* LandmarksApp.swift */ = {isa = PBXFileReference; lastKnownFileType = sourcecode.swift; path = LandmarksApp.swift; sourceTree = "<group>"; };
		92FABE7026DEC91700571620 /* ContentView.swift */ = {isa = PBXFileReference; lastKnownFileType = sourcecode.swift; path = ContentView.swift; sourceTree = "<group>"; };
		92FABE7226DEC91900571620 /* Assets.xcassets */ = {isa = PBXFileReference; lastKnownFileType = folder.assetcatalog; path = Assets.xcassets; sourceTree = "<group>"; };
		92FABE7526DEC91900571620 /* Preview Assets.xcassets */ = {isa = PBXFileReference; lastKnownFileType = folder.assetcatalog; path = "Preview Assets.xcassets"; sourceTree = "<group>"; };
		92FABE7726DEC91900571620 /* Info.plist */ = {isa = PBXFileReference; lastKnownFileType = text.plist.xml; path = Info.plist; sourceTree = "<group>"; };
		92FABE7C26DEC91900571620 /* LandmarksTests.xctest */ = {isa = PBXFileReference; explicitFileType = wrapper.cfbundle; includeInIndex = 0; path = LandmarksTests.xctest; sourceTree = BUILT_PRODUCTS_DIR; };
		92FABE8026DEC91900571620 /* LandmarksTests.swift */ = {isa = PBXFileReference; lastKnownFileType = sourcecode.swift; path = LandmarksTests.swift; sourceTree = "<group>"; };
		92FABE8226DEC91900571620 /* Info.plist */ = {isa = PBXFileReference; lastKnownFileType = text.plist.xml; path = Info.plist; sourceTree = "<group>"; };
		92FABE8726DEC91900571620 /* LandmarksUITests.xctest */ = {isa = PBXFileReference; explicitFileType = wrapper.cfbundle; includeInIndex = 0; path = LandmarksUITests.xctest; sourceTree = BUILT_PRODUCTS_DIR; };
		92FABE8B26DEC91900571620 /* LandmarksUITests.swift */ = {isa = PBXFileReference; lastKnownFileType = sourcecode.swift; path = LandmarksUITests.swift; sourceTree = "<group>"; };
		92FABE8D26DEC91900571620 /* Info.plist */ = {isa = PBXFileReference; lastKnownFileType = text.plist.xml; path = Info.plist; sourceTree = "<group>"; };
		92FABE9C26DECF4900571620 /* CircleImageView.swift */ = {isa = PBXFileReference; lastKnownFileType = sourcecode.swift; path = CircleImageView.swift; sourceTree = "<group>"; };
		92FABEA126DED32100571620 /* MapView.swift */ = {isa = PBXFileReference; lastKnownFileType = sourcecode.swift; path = MapView.swift; sourceTree = "<group>"; };
/* End PBXFileReference section */

/* Begin PBXFrameworksBuildPhase section */
		92FABE6826DEC91700571620 /* Frameworks */ = {
			isa = PBXFrameworksBuildPhase;
			buildActionMask = 2147483647;
			files = (
			);
			runOnlyForDeploymentPostprocessing = 0;
		};
		92FABE7926DEC91900571620 /* Frameworks */ = {
			isa = PBXFrameworksBuildPhase;
			buildActionMask = 2147483647;
			files = (
			);
			runOnlyForDeploymentPostprocessing = 0;
		};
		92FABE8426DEC91900571620 /* Frameworks */ = {
			isa = PBXFrameworksBuildPhase;
			buildActionMask = 2147483647;
			files = (
			);
			runOnlyForDeploymentPostprocessing = 0;
		};
/* End PBXFrameworksBuildPhase section */

/* Begin PBXGroup section */
		923B997F26E50C9700935D2A /* LandmarksDetail */ = {
			isa = PBXGroup;
			children = (
				9260E75126E415B700BB9456 /* LandmarkDetailDTO.swift */,
				9260E74326E4059400BB9456 /* LandmarksDetail.swift */,
			);
			path = LandmarksDetail;
			sourceTree = "<group>";
		};
		923B998326E50CA200935D2A /* UICustom */ = {
			isa = PBXGroup;
			children = (
				9260E75626E4163900BB9456 /* Map */,
				923B998726E50CBC00935D2A /* CircleImage */,
			);
			path = UICustom;
			sourceTree = "<group>";
		};
		923B998726E50CBC00935D2A /* CircleImage */ = {
			isa = PBXGroup;
			children = (
				92FABE9C26DECF4900571620 /* CircleImageView.swift */,
			);
			path = CircleImage;
			sourceTree = "<group>";
		};
		9260E75626E4163900BB9456 /* Map */ = {
			isa = PBXGroup;
			children = (
				92FABEA126DED32100571620 /* MapView.swift */,
				9260E75A26E4164F00BB9456 /* MapDTO.swift */,
			);
			path = Map;
			sourceTree = "<group>";
		};
		9260E75F26E4187B00BB9456 /* LandmarkList */ = {
			isa = PBXGroup;
			children = (
				92AB34B326DF807F0063A972 /* LandmarkListViewModel.swift */,
				92AB34C926DF86FE0063A972 /* LandmarkRowView.swift */,
				92AB34CE26DF90CA0063A972 /* LandmarkListView.swift */,
			);
			path = LandmarkList;
			sourceTree = "<group>";
		};
		92AB34A126DF7CA10063A972 /* Resources */ = {
			isa = PBXGroup;
			children = (
				92AB349C26DF7C9C0063A972 /* landmarkData.json */,
			);
			path = Resources;
			sourceTree = "<group>";
		};
		92AB34C026DF85370063A972 /* Model */ = {
			isa = PBXGroup;
			children = (
				92AB34AB26DF7CD90063A972 /* Landmark.swift */,
			);
			path = Model;
			sourceTree = "<group>";
		};
		92AB34C426DF854C0063A972 /* Views */ = {
			isa = PBXGroup;
			children = (
				92FABE7026DEC91700571620 /* ContentView.swift */,
				923B998326E50CA200935D2A /* UICustom */,
				9260E75F26E4187B00BB9456 /* LandmarkList */,
				923B997F26E50C9700935D2A /* LandmarksDetail */,
			);
			path = Views;
			sourceTree = "<group>";
		};
		92AB34C826DF858E0063A972 /* Util */ = {
			isa = PBXGroup;
			children = (
				92AB34B826DF80F00063A972 /* BundleHelper.swift */,
			);
			path = Util;
			sourceTree = "<group>";
		};
		92FABE6226DEC91700571620 = {
			isa = PBXGroup;
			children = (
				92FABE6D26DEC91700571620 /* Landmarks */,
				92FABE7F26DEC91900571620 /* LandmarksTests */,
				92FABE8A26DEC91900571620 /* LandmarksUITests */,
				92FABE6C26DEC91700571620 /* Products */,
			);
			sourceTree = "<group>";
		};
		92FABE6C26DEC91700571620 /* Products */ = {
			isa = PBXGroup;
			children = (
				92FABE6B26DEC91700571620 /* Landmarks.app */,
				92FABE7C26DEC91900571620 /* LandmarksTests.xctest */,
				92FABE8726DEC91900571620 /* LandmarksUITests.xctest */,
			);
			name = Products;
			sourceTree = "<group>";
		};
		92FABE6D26DEC91700571620 /* Landmarks */ = {
			isa = PBXGroup;
			children = (
				92AB34A126DF7CA10063A972 /* Resources */,
				92AB34C426DF854C0063A972 /* Views */,
				92FABE6E26DEC91700571620 /* LandmarksApp.swift */,
				92FABE7226DEC91900571620 /* Assets.xcassets */,
				92FABE7726DEC91900571620 /* Info.plist */,
				92FABE7426DEC91900571620 /* Preview Content */,
				92AB34C026DF85370063A972 /* Model */,
				92AB34C826DF858E0063A972 /* Util */,
			);
			path = Landmarks;
			sourceTree = "<group>";
		};
		92FABE7426DEC91900571620 /* Preview Content */ = {
			isa = PBXGroup;
			children = (
				92FABE7526DEC91900571620 /* Preview Assets.xcassets */,
			);
			path = "Preview Content";
			sourceTree = "<group>";
		};
		92FABE7F26DEC91900571620 /* LandmarksTests */ = {
			isa = PBXGroup;
			children = (
				92FABE8026DEC91900571620 /* LandmarksTests.swift */,
				92FABE8226DEC91900571620 /* Info.plist */,
			);
			path = LandmarksTests;
			sourceTree = "<group>";
		};
		92FABE8A26DEC91900571620 /* LandmarksUITests */ = {
			isa = PBXGroup;
			children = (
				92FABE8B26DEC91900571620 /* LandmarksUITests.swift */,
				92FABE8D26DEC91900571620 /* Info.plist */,
			);
			path = LandmarksUITests;
			sourceTree = "<group>";
		};
/* End PBXGroup section */

/* Begin PBXNativeTarget section */
		92FABE6A26DEC91700571620 /* Landmarks */ = {
			isa = PBXNativeTarget;
			buildConfigurationList = 92FABE9026DEC91900571620 /* Build configuration list for PBXNativeTarget "Landmarks" */;
			buildPhases = (
				92FABE6726DEC91700571620 /* Sources */,
				92FABE6826DEC91700571620 /* Frameworks */,
				92FABE6926DEC91700571620 /* Resources */,
			);
			buildRules = (
			);
			dependencies = (
			);
			name = Landmarks;
			productName = Landmarks;
			productReference = 92FABE6B26DEC91700571620 /* Landmarks.app */;
			productType = "com.apple.product-type.application";
		};
		92FABE7B26DEC91900571620 /* LandmarksTests */ = {
			isa = PBXNativeTarget;
			buildConfigurationList = 92FABE9326DEC91900571620 /* Build configuration list for PBXNativeTarget "LandmarksTests" */;
			buildPhases = (
				92FABE7826DEC91900571620 /* Sources */,
				92FABE7926DEC91900571620 /* Frameworks */,
				92FABE7A26DEC91900571620 /* Resources */,
			);
			buildRules = (
			);
			dependencies = (
				92FABE7E26DEC91900571620 /* PBXTargetDependency */,
			);
			name = LandmarksTests;
			productName = LandmarksTests;
			productReference = 92FABE7C26DEC91900571620 /* LandmarksTests.xctest */;
			productType = "com.apple.product-type.bundle.unit-test";
		};
		92FABE8626DEC91900571620 /* LandmarksUITests */ = {
			isa = PBXNativeTarget;
			buildConfigurationList = 92FABE9626DEC91900571620 /* Build configuration list for PBXNativeTarget "LandmarksUITests" */;
			buildPhases = (
				92FABE8326DEC91900571620 /* Sources */,
				92FABE8426DEC91900571620 /* Frameworks */,
				92FABE8526DEC91900571620 /* Resources */,
			);
			buildRules = (
			);
			dependencies = (
				92FABE8926DEC91900571620 /* PBXTargetDependency */,
			);
			name = LandmarksUITests;
			productName = LandmarksUITests;
			productReference = 92FABE8726DEC91900571620 /* LandmarksUITests.xctest */;
			productType = "com.apple.product-type.bundle.ui-testing";
		};
/* End PBXNativeTarget section */

/* Begin PBXProject section */
		92FABE6326DEC91700571620 /* Project object */ = {
			isa = PBXProject;
			attributes = {
				LastSwiftUpdateCheck = 1240;
				LastUpgradeCheck = 1240;
				TargetAttributes = {
					92FABE6A26DEC91700571620 = {
						CreatedOnToolsVersion = 12.4;
					};
					92FABE7B26DEC91900571620 = {
						CreatedOnToolsVersion = 12.4;
						TestTargetID = 92FABE6A26DEC91700571620;
					};
					92FABE8626DEC91900571620 = {
						CreatedOnToolsVersion = 12.4;
						TestTargetID = 92FABE6A26DEC91700571620;
					};
				};
			};
			buildConfigurationList = 92FABE6626DEC91700571620 /* Build configuration list for PBXProject "Landmarks" */;
			compatibilityVersion = "Xcode 9.3";
			developmentRegion = en;
			hasScannedForEncodings = 0;
			knownRegions = (
				en,
				Base,
			);
			mainGroup = 92FABE6226DEC91700571620;
			productRefGroup = 92FABE6C26DEC91700571620 /* Products */;
			projectDirPath = "";
			projectRoot = "";
			targets = (
				92FABE6A26DEC91700571620 /* Landmarks */,
				92FABE7B26DEC91900571620 /* LandmarksTests */,
				92FABE8626DEC91900571620 /* LandmarksUITests */,
			);
		};
/* End PBXProject section */

/* Begin PBXResourcesBuildPhase section */
		92FABE6926DEC91700571620 /* Resources */ = {
			isa = PBXResourcesBuildPhase;
			buildActionMask = 2147483647;
			files = (
				92FABE7626DEC91900571620 /* Preview Assets.xcassets in Resources */,
				92FABE7326DEC91900571620 /* Assets.xcassets in Resources */,
				92AB349D26DF7C9C0063A972 /* landmarkData.json in Resources */,
			);
			runOnlyForDeploymentPostprocessing = 0;
		};
		92FABE7A26DEC91900571620 /* Resources */ = {
			isa = PBXResourcesBuildPhase;
			buildActionMask = 2147483647;
			files = (
			);
			runOnlyForDeploymentPostprocessing = 0;
		};
		92FABE8526DEC91900571620 /* Resources */ = {
			isa = PBXResourcesBuildPhase;
			buildActionMask = 2147483647;
			files = (
			);
			runOnlyForDeploymentPostprocessing = 0;
		};
/* End PBXResourcesBuildPhase section */

/* Begin PBXSourcesBuildPhase section */
		92FABE6726DEC91700571620 /* Sources */ = {
			isa = PBXSourcesBuildPhase;
			buildActionMask = 2147483647;
			files = (
				92FABE7126DEC91700571620 /* ContentView.swift in Sources */,
				92FABEA226DED32100571620 /* MapView.swift in Sources */,
				92FABE9D26DECF4900571620 /* CircleImageView.swift in Sources */,
				92FABE6F26DEC91700571620 /* LandmarksApp.swift in Sources */,
				9260E75226E415B700BB9456 /* LandmarkDetailDTO.swift in Sources */,
				92AB34CF26DF90CA0063A972 /* LandmarkListView.swift in Sources */,
				92AB34AC26DF7CD90063A972 /* Landmark.swift in Sources */,
				9260E74426E4059400BB9456 /* LandmarksDetail.swift in Sources */,
				9260E75B26E4164F00BB9456 /* MapDTO.swift in Sources */,
				92AB34CA26DF86FE0063A972 /* LandmarkRowView.swift in Sources */,
				92AB34B926DF80F00063A972 /* BundleHelper.swift in Sources */,
				92AB34B426DF807F0063A972 /* LandmarkListViewModel.swift in Sources */,
			);
			runOnlyForDeploymentPostprocessing = 0;
		};
		92FABE7826DEC91900571620 /* Sources */ = {
			isa = PBXSourcesBuildPhase;
			buildActionMask = 2147483647;
			files = (
				92FABE8126DEC91900571620 /* LandmarksTests.swift in Sources */,
			);
			runOnlyForDeploymentPostprocessing = 0;
		};
		92FABE8326DEC91900571620 /* Sources */ = {
			isa = PBXSourcesBuildPhase;
			buildActionMask = 2147483647;
			files = (
				92FABE8C26DEC91900571620 /* LandmarksUITests.swift in Sources */,
			);
			runOnlyForDeploymentPostprocessing = 0;
		};
/* End PBXSourcesBuildPhase section */

/* Begin PBXTargetDependency section */
		92FABE7E26DEC91900571620 /* PBXTargetDependency */ = {
			isa = PBXTargetDependency;
			target = 92FABE6A26DEC91700571620 /* Landmarks */;
			targetProxy = 92FABE7D26DEC91900571620 /* PBXContainerItemProxy */;
		};
		92FABE8926DEC91900571620 /* PBXTargetDependency */ = {
			isa = PBXTargetDependency;
			target = 92FABE6A26DEC91700571620 /* Landmarks */;
			targetProxy = 92FABE8826DEC91900571620 /* PBXContainerItemProxy */;
		};
/* End PBXTargetDependency section */

/* Begin XCBuildConfiguration section */
		92FABE8E26DEC91900571620 /* Debug */ = {
			isa = XCBuildConfiguration;
			buildSettings = {
				ALWAYS_SEARCH_USER_PATHS = NO;
				CLANG_ANALYZER_NONNULL = YES;
				CLANG_ANALYZER_NUMBER_OBJECT_CONVERSION = YES_AGGRESSIVE;
				CLANG_CXX_LANGUAGE_STANDARD = "gnu++14";
				CLANG_CXX_LIBRARY = "libc++";
				CLANG_ENABLE_MODULES = YES;
				CLANG_ENABLE_OBJC_ARC = YES;
				CLANG_ENABLE_OBJC_WEAK = YES;
				CLANG_WARN_BLOCK_CAPTURE_AUTORELEASING = YES;
				CLANG_WARN_BOOL_CONVERSION = YES;
				CLANG_WARN_COMMA = YES;
				CLANG_WARN_CONSTANT_CONVERSION = YES;
				CLANG_WARN_DEPRECATED_OBJC_IMPLEMENTATIONS = YES;
				CLANG_WARN_DIRECT_OBJC_ISA_USAGE = YES_ERROR;
				CLANG_WARN_DOCUMENTATION_COMMENTS = YES;
				CLANG_WARN_EMPTY_BODY = YES;
				CLANG_WARN_ENUM_CONVERSION = YES;
				CLANG_WARN_INFINITE_RECURSION = YES;
				CLANG_WARN_INT_CONVERSION = YES;
				CLANG_WARN_NON_LITERAL_NULL_CONVERSION = YES;
				CLANG_WARN_OBJC_IMPLICIT_RETAIN_SELF = YES;
				CLANG_WARN_OBJC_LITERAL_CONVERSION = YES;
				CLANG_WARN_OBJC_ROOT_CLASS = YES_ERROR;
				CLANG_WARN_QUOTED_INCLUDE_IN_FRAMEWORK_HEADER = YES;
				CLANG_WARN_RANGE_LOOP_ANALYSIS = YES;
				CLANG_WARN_STRICT_PROTOTYPES = YES;
				CLANG_WARN_SUSPICIOUS_MOVE = YES;
				CLANG_WARN_UNGUARDED_AVAILABILITY = YES_AGGRESSIVE;
				CLANG_WARN_UNREACHABLE_CODE = YES;
				CLANG_WARN__DUPLICATE_METHOD_MATCH = YES;
				COPY_PHASE_STRIP = NO;
				DEBUG_INFORMATION_FORMAT = dwarf;
				ENABLE_STRICT_OBJC_MSGSEND = YES;
				ENABLE_TESTABILITY = YES;
				GCC_C_LANGUAGE_STANDARD = gnu11;
				GCC_DYNAMIC_NO_PIC = NO;
				GCC_NO_COMMON_BLOCKS = YES;
				GCC_OPTIMIZATION_LEVEL = 0;
				GCC_PREPROCESSOR_DEFINITIONS = (
					"DEBUG=1",
					"$(inherited)",
				);
				GCC_WARN_64_TO_32_BIT_CONVERSION = YES;
				GCC_WARN_ABOUT_RETURN_TYPE = YES_ERROR;
				GCC_WARN_UNDECLARED_SELECTOR = YES;
				GCC_WARN_UNINITIALIZED_AUTOS = YES_AGGRESSIVE;
				GCC_WARN_UNUSED_FUNCTION = YES;
				GCC_WARN_UNUSED_VARIABLE = YES;
				IPHONEOS_DEPLOYMENT_TARGET = 14.4;
				MTL_ENABLE_DEBUG_INFO = INCLUDE_SOURCE;
				MTL_FAST_MATH = YES;
				ONLY_ACTIVE_ARCH = YES;
				SDKROOT = iphoneos;
				SWIFT_ACTIVE_COMPILATION_CONDITIONS = DEBUG;
				SWIFT_OPTIMIZATION_LEVEL = "-Onone";
			};
			name = Debug;
		};
		92FABE8F26DEC91900571620 /* Release */ = {
			isa = XCBuildConfiguration;
			buildSettings = {
				ALWAYS_SEARCH_USER_PATHS = NO;
				CLANG_ANALYZER_NONNULL = YES;
				CLANG_ANALYZER_NUMBER_OBJECT_CONVERSION = YES_AGGRESSIVE;
				CLANG_CXX_LANGUAGE_STANDARD = "gnu++14";
				CLANG_CXX_LIBRARY = "libc++";
				CLANG_ENABLE_MODULES = YES;
				CLANG_ENABLE_OBJC_ARC = YES;
				CLANG_ENABLE_OBJC_WEAK = YES;
				CLANG_WARN_BLOCK_CAPTURE_AUTORELEASING = YES;
				CLANG_WARN_BOOL_CONVERSION = YES;
				CLANG_WARN_COMMA = YES;
				CLANG_WARN_CONSTANT_CONVERSION = YES;
				CLANG_WARN_DEPRECATED_OBJC_IMPLEMENTATIONS = YES;
				CLANG_WARN_DIRECT_OBJC_ISA_USAGE = YES_ERROR;
				CLANG_WARN_DOCUMENTATION_COMMENTS = YES;
				CLANG_WARN_EMPTY_BODY = YES;
				CLANG_WARN_ENUM_CONVERSION = YES;
				CLANG_WARN_INFINITE_RECURSION = YES;
				CLANG_WARN_INT_CONVERSION = YES;
				CLANG_WARN_NON_LITERAL_NULL_CONVERSION = YES;
				CLANG_WARN_OBJC_IMPLICIT_RETAIN_SELF = YES;
				CLANG_WARN_OBJC_LITERAL_CONVERSION = YES;
				CLANG_WARN_OBJC_ROOT_CLASS = YES_ERROR;
				CLANG_WARN_QUOTED_INCLUDE_IN_FRAMEWORK_HEADER = YES;
				CLANG_WARN_RANGE_LOOP_ANALYSIS = YES;
				CLANG_WARN_STRICT_PROTOTYPES = YES;
				CLANG_WARN_SUSPICIOUS_MOVE = YES;
				CLANG_WARN_UNGUARDED_AVAILABILITY = YES_AGGRESSIVE;
				CLANG_WARN_UNREACHABLE_CODE = YES;
				CLANG_WARN__DUPLICATE_METHOD_MATCH = YES;
				COPY_PHASE_STRIP = NO;
				DEBUG_INFORMATION_FORMAT = "dwarf-with-dsym";
				ENABLE_NS_ASSERTIONS = NO;
				ENABLE_STRICT_OBJC_MSGSEND = YES;
				GCC_C_LANGUAGE_STANDARD = gnu11;
				GCC_NO_COMMON_BLOCKS = YES;
				GCC_WARN_64_TO_32_BIT_CONVERSION = YES;
				GCC_WARN_ABOUT_RETURN_TYPE = YES_ERROR;
				GCC_WARN_UNDECLARED_SELECTOR = YES;
				GCC_WARN_UNINITIALIZED_AUTOS = YES_AGGRESSIVE;
				GCC_WARN_UNUSED_FUNCTION = YES;
				GCC_WARN_UNUSED_VARIABLE = YES;
				IPHONEOS_DEPLOYMENT_TARGET = 14.4;
				MTL_ENABLE_DEBUG_INFO = NO;
				MTL_FAST_MATH = YES;
				SDKROOT = iphoneos;
				SWIFT_COMPILATION_MODE = wholemodule;
				SWIFT_OPTIMIZATION_LEVEL = "-O";
				VALIDATE_PRODUCT = YES;
			};
			name = Release;
		};
		92FABE9126DEC91900571620 /* Debug */ = {
			isa = XCBuildConfiguration;
			buildSettings = {
				ASSETCATALOG_COMPILER_APPICON_NAME = AppIcon;
				ASSETCATALOG_COMPILER_GLOBAL_ACCENT_COLOR_NAME = AccentColor;
				CODE_SIGN_IDENTITY = "Apple Development";
				CODE_SIGN_STYLE = Automatic;
				DEVELOPMENT_ASSET_PATHS = "\"Landmarks/Preview Content\"";
				DEVELOPMENT_TEAM = BLPC49LKL4;
				ENABLE_PREVIEWS = YES;
				INFOPLIST_FILE = Landmarks/Info.plist;
				IPHONEOS_DEPLOYMENT_TARGET = 14.0;
				LD_RUNPATH_SEARCH_PATHS = (
					"$(inherited)",
					"@executable_path/Frameworks",
				);
				OTHER_CODE_SIGN_FLAGS = "--generate-entitlement-der";
				PRODUCT_BUNDLE_IDENTIFIER = br.com.rafael.Landmarks;
				PRODUCT_NAME = "$(TARGET_NAME)";
				PROVISIONING_PROFILE_SPECIFIER = "";
				SWIFT_VERSION = 5.0;
				TARGETED_DEVICE_FAMILY = "1,2";
			};
			name = Debug;
		};
		92FABE9226DEC91900571620 /* Release */ = {
			isa = XCBuildConfiguration;
			buildSettings = {
				ASSETCATALOG_COMPILER_APPICON_NAME = AppIcon;
				ASSETCATALOG_COMPILER_GLOBAL_ACCENT_COLOR_NAME = AccentColor;
				CODE_SIGN_IDENTITY = "Apple Development";
				CODE_SIGN_STYLE = Automatic;
				DEVELOPMENT_ASSET_PATHS = "\"Landmarks/Preview Content\"";
				DEVELOPMENT_TEAM = BLPC49LKL4;
				ENABLE_PREVIEWS = YES;
				INFOPLIST_FILE = Landmarks/Info.plist;
				IPHONEOS_DEPLOYMENT_TARGET = 14.0;
				LD_RUNPATH_SEARCH_PATHS = (
					"$(inherited)",
					"@executable_path/Frameworks",
				);
				OTHER_CODE_SIGN_FLAGS = "--generate-entitlement-der";
				PRODUCT_BUNDLE_IDENTIFIER = br.com.rafael.Landmarks;
				PRODUCT_NAME = "$(TARGET_NAME)";
				PROVISIONING_PROFILE_SPECIFIER = "";
				SWIFT_VERSION = 5.0;
				TARGETED_DEVICE_FAMILY = "1,2";
			};
			name = Release;
		};
		92FABE9426DEC91900571620 /* Debug */ = {
			isa = XCBuildConfiguration;
			buildSettings = {
				ALWAYS_EMBED_SWIFT_STANDARD_LIBRARIES = YES;
				BUNDLE_LOADER = "$(TEST_HOST)";
				CODE_SIGN_STYLE = Automatic;
				INFOPLIST_FILE = LandmarksTests/Info.plist;
				IPHONEOS_DEPLOYMENT_TARGET = 14.0;
				LD_RUNPATH_SEARCH_PATHS = (
					"$(inherited)",
					"@executable_path/Frameworks",
					"@loader_path/Frameworks",
				);
				PRODUCT_BUNDLE_IDENTIFIER = br.com.rafael.LandmarksTests;
				PRODUCT_NAME = "$(TARGET_NAME)";
				SWIFT_VERSION = 5.0;
				TARGETED_DEVICE_FAMILY = "1,2";
				TEST_HOST = "$(BUILT_PRODUCTS_DIR)/Landmarks.app/Landmarks";
			};
			name = Debug;
		};
		92FABE9526DEC91900571620 /* Release */ = {
			isa = XCBuildConfiguration;
			buildSettings = {
				ALWAYS_EMBED_SWIFT_STANDARD_LIBRARIES = YES;
				BUNDLE_LOADER = "$(TEST_HOST)";
				CODE_SIGN_STYLE = Automatic;
				INFOPLIST_FILE = LandmarksTests/Info.plist;
				IPHONEOS_DEPLOYMENT_TARGET = 14.0;
				LD_RUNPATH_SEARCH_PATHS = (
					"$(inherited)",
					"@executable_path/Frameworks",
					"@loader_path/Frameworks",
				);
				PRODUCT_BUNDLE_IDENTIFIER = br.com.rafael.LandmarksTests;
				PRODUCT_NAME = "$(TARGET_NAME)";
				SWIFT_VERSION = 5.0;
				TARGETED_DEVICE_FAMILY = "1,2";
				TEST_HOST = "$(BUILT_PRODUCTS_DIR)/Landmarks.app/Landmarks";
			};
			name = Release;
		};
		92FABE9726DEC91900571620 /* Debug */ = {
			isa = XCBuildConfiguration;
			buildSettings = {
				ALWAYS_EMBED_SWIFT_STANDARD_LIBRARIES = YES;
				CODE_SIGN_STYLE = Automatic;
				INFOPLIST_FILE = LandmarksUITests/Info.plist;
				LD_RUNPATH_SEARCH_PATHS = (
					"$(inherited)",
					"@executable_path/Frameworks",
					"@loader_path/Frameworks",
				);
				PRODUCT_BUNDLE_IDENTIFIER = br.com.rafael.LandmarksUITests;
				PRODUCT_NAME = "$(TARGET_NAME)";
				SWIFT_VERSION = 5.0;
				TARGETED_DEVICE_FAMILY = "1,2";
				TEST_TARGET_NAME = Landmarks;
			};
			name = Debug;
		};
		92FABE9826DEC91900571620 /* Release */ = {
			isa = XCBuildConfiguration;
			buildSettings = {
				ALWAYS_EMBED_SWIFT_STANDARD_LIBRARIES = YES;
				CODE_SIGN_STYLE = Automatic;
				INFOPLIST_FILE = LandmarksUITests/Info.plist;
				LD_RUNPATH_SEARCH_PATHS = (
					"$(inherited)",
					"@executable_path/Frameworks",
					"@loader_path/Frameworks",
				);
				PRODUCT_BUNDLE_IDENTIFIER = br.com.rafael.LandmarksUITests;
				PRODUCT_NAME = "$(TARGET_NAME)";
				SWIFT_VERSION = 5.0;
				TARGETED_DEVICE_FAMILY = "1,2";
				TEST_TARGET_NAME = Landmarks;
			};
			name = Release;
		};
/* End XCBuildConfiguration section */

/* Begin XCConfigurationList section */
		92FABE6626DEC91700571620 /* Build configuration list for PBXProject "Landmarks" */ = {
			isa = XCConfigurationList;
			buildConfigurations = (
				92FABE8E26DEC91900571620 /* Debug */,
				92FABE8F26DEC91900571620 /* Release */,
			);
			defaultConfigurationIsVisible = 0;
			defaultConfigurationName = Release;
		};
		92FABE9026DEC91900571620 /* Build configuration list for PBXNativeTarget "Landmarks" */ = {
			isa = XCConfigurationList;
			buildConfigurations = (
				92FABE9126DEC91900571620 /* Debug */,
				92FABE9226DEC91900571620 /* Release */,
			);
			defaultConfigurationIsVisible = 0;
			defaultConfigurationName = Release;
		};
		92FABE9326DEC91900571620 /* Build configuration list for PBXNativeTarget "LandmarksTests" */ = {
			isa = XCConfigurationList;
			buildConfigurations = (
				92FABE9426DEC91900571620 /* Debug */,
				92FABE9526DEC91900571620 /* Release */,
			);
			defaultConfigurationIsVisible = 0;
			defaultConfigurationName = Release;
		};
		92FABE9626DEC91900571620 /* Build configuration list for PBXNativeTarget "LandmarksUITests" */ = {
			isa = XCConfigurationList;
			buildConfigurations = (
				92FABE9726DEC91900571620 /* Debug */,
				92FABE9826DEC91900571620 /* Release */,
			);
			defaultConfigurationIsVisible = 0;
			defaultConfigurationName = Release;
		};
/* End XCConfigurationList section */
	};
	rootObject = 92FABE6326DEC91700571620 /* Project object */;
}
